
Microsoft Visual Studio Solution File, Format Version 12.00
# Visual Studio Version 17
VisualStudioVersion = 17.4.33213.308
MinimumVisualStudioVersion = 10.0.40219.1
Project("{FAE04EC0-301F-11D3-BF4B-00C04F79EFBC}") = "WPF_TextBlocK_Rolling", "WPF_TextBlocK_Rolling\WPF_TextBlocK_Rolling.csproj", "{9E61AAEA-A5BA-4333-BDAF-ED9353FA67A6}"
EndProject
Global
	GlobalSection(SolutionConfigurationPlatforms) = preSolution
		Debug|Any CPU = Debug|Any CPU
		Release|Any CPU = Release|Any CPU
	EndGlobalSection
	GlobalSection(ProjectConfigurationPlatforms) = postSolution
		{9E61AAEA-A5BA-4333-BDAF-ED9353FA67A6}.Debug|Any CPU.ActiveCfg = Debug|Any CPU
		{9E61AAEA-A5BA-4333-BDAF-ED9353FA67A6}.Debug|Any CPU.Build.0 = Debug|Any CPU
		{9E61AAEA-A5BA-4333-BDAF-ED9353FA67A6}.Release|Any CPU.ActiveCfg = Release|Any CPU
		{9E61AAEA-A5BA-4333-BDAF-ED9353FA67A6}.Release|Any CPU.Build.0 = Release|Any CPU
	EndGlobalSection
	GlobalSection(SolutionProperties) = preSolution
		HideSolutionNode = FALSE
	EndGlobalSection
	GlobalSection(ExtensibilityGlobals) = postSolution
		SolutionGuid = {3A1E0094-31A6-485D-B43B-377DFC496A4C}
	EndGlobalSection
EndGlobal
